
Microsoft Visual Studio Solution File, Format Version 12.00
# Visual Studio Version 17
VisualStudioVersion = 17.6.33829.357
MinimumVisualStudioVersion = 10.0.40219.1
Project("{FAE04EC0-301F-11D3-BF4B-00C04F79EFBC}") = "SistemaMetricas", "SistemaMetricas\SistemaMetricas.csproj", "{FB040C17-4693-42EE-88E2-12BA529B9EAC}"
EndProject
Project("{FAE04EC0-301F-11D3-BF4B-00C04F79EFBC}") = "SistemaMetricas.Models", "SistemaMetricas.Models\SistemaMetricas.Models.csproj", "{D3B61CAD-833C-4046-BA6E-32993BE72673}"
EndProject
Project("{FAE04EC0-301F-11D3-BF4B-00C04F79EFBC}") = "SistemaMetricas.Services", "SistemaMetricas.Services\SistemaMetricas.Services.csproj", "{690B2090-DACA-491E-9842-81454F8A1B68}"
EndProject
Project("{FAE04EC0-301F-11D3-BF4B-00C04F79EFBC}") = "BotChat", "BotChat\BotChat.csproj", "{C92A6C28-32F5-4EFA-B718-EA4A26E84C76}"
EndProject
Project("{FAE04EC0-301F-11D3-BF4B-00C04F79EFBC}") = "ChBot.Models", "ChBot.Models\ChBot.Models.csproj", "{0089B63D-0618-4E2A-9089-FC9330782CA6}"
EndProject
Global
	GlobalSection(SolutionConfigurationPlatforms) = preSolution
		Debug|Any CPU = Debug|Any CPU
		Release|Any CPU = Release|Any CPU
	EndGlobalSection
	GlobalSection(ProjectConfigurationPlatforms) = postSolution
		{FB040C17-4693-42EE-88E2-12BA529B9EAC}.Debug|Any CPU.ActiveCfg = Debug|Any CPU
		{FB040C17-4693-42EE-88E2-12BA529B9EAC}.Debug|Any CPU.Build.0 = Debug|Any CPU
		{FB040C17-4693-42EE-88E2-12BA529B9EAC}.Release|Any CPU.ActiveCfg = Release|Any CPU
		{FB040C17-4693-42EE-88E2-12BA529B9EAC}.Release|Any CPU.Build.0 = Release|Any CPU
		{D3B61CAD-833C-4046-BA6E-32993BE72673}.Debug|Any CPU.ActiveCfg = Debug|Any CPU
		{D3B61CAD-833C-4046-BA6E-32993BE72673}.Debug|Any CPU.Build.0 = Debug|Any CPU
		{D3B61CAD-833C-4046-BA6E-32993BE72673}.Release|Any CPU.ActiveCfg = Release|Any CPU
		{D3B61CAD-833C-4046-BA6E-32993BE72673}.Release|Any CPU.Build.0 = Release|Any CPU
		{690B2090-DACA-491E-9842-81454F8A1B68}.Debug|Any CPU.ActiveCfg = Debug|Any CPU
		{690B2090-DACA-491E-9842-81454F8A1B68}.Debug|Any CPU.Build.0 = Debug|Any CPU
		{690B2090-DACA-491E-9842-81454F8A1B68}.Release|Any CPU.ActiveCfg = Release|Any CPU
		{690B2090-DACA-491E-9842-81454F8A1B68}.Release|Any CPU.Build.0 = Release|Any CPU
		{C92A6C28-32F5-4EFA-B718-EA4A26E84C76}.Debug|Any CPU.ActiveCfg = Debug|Any CPU
		{C92A6C28-32F5-4EFA-B718-EA4A26E84C76}.Debug|Any CPU.Build.0 = Debug|Any CPU
		{C92A6C28-32F5-4EFA-B718-EA4A26E84C76}.Release|Any CPU.ActiveCfg = Release|Any CPU
		{C92A6C28-32F5-4EFA-B718-EA4A26E84C76}.Release|Any CPU.Build.0 = Release|Any CPU
		{0089B63D-0618-4E2A-9089-FC9330782CA6}.Debug|Any CPU.ActiveCfg = Debug|Any CPU
		{0089B63D-0618-4E2A-9089-FC9330782CA6}.Debug|Any CPU.Build.0 = Debug|Any CPU
		{0089B63D-0618-4E2A-9089-FC9330782CA6}.Release|Any CPU.ActiveCfg = Release|Any CPU
		{0089B63D-0618-4E2A-9089-FC9330782CA6}.Release|Any CPU.Build.0 = Release|Any CPU
	EndGlobalSection
	GlobalSection(SolutionProperties) = preSolution
		HideSolutionNode = FALSE
	EndGlobalSection
	GlobalSection(ExtensibilityGlobals) = postSolution
		SolutionGuid = {A55381B2-3C75-4C84-924A-65F597729A08}
	EndGlobalSection
EndGlobal
